// !$*UTF8*$!
{
	archiveVersion = 1;
	classes = {
	};
	objectVersion = 56;
	objects = {

/* Begin PBXBuildFile section */
		10BA26342A9E5AAC00E1C936 /* NewsDetailView.swift in Sources */ = {isa = PBXBuildFile; fileRef = 10BA26332A9E5AAC00E1C936 /* NewsDetailView.swift */; };
		10E8D55A2A9E2FFD000B7AB2 /* BeritaSeputarCryptocurrencyApp.swift in Sources */ = {isa = PBXBuildFile; fileRef = 10E8D5592A9E2FFD000B7AB2 /* BeritaSeputarCryptocurrencyApp.swift */; };
		10E8D55C2A9E2FFD000B7AB2 /* ContentView.swift in Sources */ = {isa = PBXBuildFile; fileRef = 10E8D55B2A9E2FFD000B7AB2 /* ContentView.swift */; };
		10E8D55E2A9E2FFF000B7AB2 /* Assets.xcassets in Resources */ = {isa = PBXBuildFile; fileRef = 10E8D55D2A9E2FFF000B7AB2 /* Assets.xcassets */; };
		10E8D5612A9E2FFF000B7AB2 /* Preview Assets.xcassets in Resources */ = {isa = PBXBuildFile; fileRef = 10E8D5602A9E2FFF000B7AB2 /* Preview Assets.xcassets */; };
		10E8D56A2A9E3044000B7AB2 /* Article.swift in Sources */ = {isa = PBXBuildFile; fileRef = 10E8D5692A9E3044000B7AB2 /* Article.swift */; };
		10E8D56C2A9E3130000B7AB2 /* NetworkingAPI.swift in Sources */ = {isa = PBXBuildFile; fileRef = 10E8D56B2A9E3130000B7AB2 /* NetworkingAPI.swift */; };
		10E8D56E2A9E32E4000B7AB2 /* NewsRowView.swift in Sources */ = {isa = PBXBuildFile; fileRef = 10E8D56D2A9E32E4000B7AB2 /* NewsRowView.swift */; };
/* End PBXBuildFile section */

/* Begin PBXFileReference section */
		10BA26332A9E5AAC00E1C936 /* NewsDetailView.swift */ = {isa = PBXFileReference; lastKnownFileType = sourcecode.swift; path = NewsDetailView.swift; sourceTree = "<group>"; };
		10E8D5562A9E2FFD000B7AB2 /* FmzrNews.app */ = {isa = PBXFileReference; explicitFileType = wrapper.application; includeInIndex = 0; path = FmzrNews.app; sourceTree = BUILT_PRODUCTS_DIR; };
		10E8D5592A9E2FFD000B7AB2 /* BeritaSeputarCryptocurrencyApp.swift */ = {isa = PBXFileReference; lastKnownFileType = sourcecode.swift; path = BeritaSeputarCryptocurrencyApp.swift; sourceTree = "<group>"; };
		10E8D55B2A9E2FFD000B7AB2 /* ContentView.swift */ = {isa = PBXFileReference; lastKnownFileType = sourcecode.swift; path = ContentView.swift; sourceTree = "<group>"; };
		10E8D55D2A9E2FFF000B7AB2 /* Assets.xcassets */ = {isa = PBXFileReference; lastKnownFileType = folder.assetcatalog; path = Assets.xcassets; sourceTree = "<group>"; };
		10E8D5602A9E2FFF000B7AB2 /* Preview Assets.xcassets */ = {isa = PBXFileReference; lastKnownFileType = folder.assetcatalog; path = "Preview Assets.xcassets"; sourceTree = "<group>"; };
		10E8D5692A9E3044000B7AB2 /* Article.swift */ = {isa = PBXFileReference; lastKnownFileType = sourcecode.swift; path = Article.swift; sourceTree = "<group>"; };
		10E8D56B2A9E3130000B7AB2 /* NetworkingAPI.swift */ = {isa = PBXFileReference; lastKnownFileType = sourcecode.swift; path = NetworkingAPI.swift; sourceTree = "<group>"; };
		10E8D56D2A9E32E4000B7AB2 /* NewsRowView.swift */ = {isa = PBXFileReference; lastKnownFileType = sourcecode.swift; path = NewsRowView.swift; sourceTree = "<group>"; };
/* End PBXFileReference section */

/* Begin PBXFrameworksBuildPhase section */
		10E8D5532A9E2FFD000B7AB2 /* Frameworks */ = {
			isa = PBXFrameworksBuildPhase;
			buildActionMask = 2147483647;
			files = (
			);
			runOnlyForDeploymentPostprocessing = 0;
		};
/* End PBXFrameworksBuildPhase section */

/* Begin PBXGroup section */
		10E8D54D2A9E2FFD000B7AB2 = {
			isa = PBXGroup;
			children = (
				10E8D5582A9E2FFD000B7AB2 /* BeritaSeputarCryptocurrency */,
				10E8D5572A9E2FFD000B7AB2 /* Products */,
			);
			sourceTree = "<group>";
		};
		10E8D5572A9E2FFD000B7AB2 /* Products */ = {
			isa = PBXGroup;
			children = (
				10E8D5562A9E2FFD000B7AB2 /* FmzrNews.app */,
			);
			name = Products;
			sourceTree = "<group>";
		};
		10E8D5582A9E2FFD000B7AB2 /* BeritaSeputarCryptocurrency */ = {
			isa = PBXGroup;
			children = (
				10E8D5592A9E2FFD000B7AB2 /* BeritaSeputarCryptocurrencyApp.swift */,
				10E8D5682A9E3029000B7AB2 /* View */,
				10E8D5672A9E3020000B7AB2 /* Model */,
				10E8D55D2A9E2FFF000B7AB2 /* Assets.xcassets */,
				10E8D55F2A9E2FFF000B7AB2 /* Preview Content */,
			);
			path = BeritaSeputarCryptocurrency;
			sourceTree = "<group>";
		};
		10E8D55F2A9E2FFF000B7AB2 /* Preview Content */ = {
			isa = PBXGroup;
			children = (
				10E8D5602A9E2FFF000B7AB2 /* Preview Assets.xcassets */,
			);
			path = "Preview Content";
			sourceTree = "<group>";
		};
		10E8D5672A9E3020000B7AB2 /* Model */ = {
			isa = PBXGroup;
			children = (
				10E8D5692A9E3044000B7AB2 /* Article.swift */,
				10E8D56B2A9E3130000B7AB2 /* NetworkingAPI.swift */,
			);
			path = Model;
			sourceTree = "<group>";
		};
		10E8D5682A9E3029000B7AB2 /* View */ = {
			isa = PBXGroup;
			children = (
				10E8D55B2A9E2FFD000B7AB2 /* ContentView.swift */,
				10E8D56D2A9E32E4000B7AB2 /* NewsRowView.swift */,
				10BA26332A9E5AAC00E1C936 /* NewsDetailView.swift */,
			);
			path = View;
			sourceTree = "<group>";
		};
/* End PBXGroup section */

/* Begin PBXNativeTarget section */
		10E8D5552A9E2FFD000B7AB2 /* FmzrNews */ = {
			isa = PBXNativeTarget;
			buildConfigurationList = 10E8D5642A9E2FFF000B7AB2 /* Build configuration list for PBXNativeTarget "FmzrNews" */;
			buildPhases = (
				10E8D5522A9E2FFD000B7AB2 /* Sources */,
				10E8D5532A9E2FFD000B7AB2 /* Frameworks */,
				10E8D5542A9E2FFD000B7AB2 /* Resources */,
			);
			buildRules = (
			);
			dependencies = (
			);
			name = FmzrNews;
			productName = BeritaSeputarCryptocurrency;
			productReference = 10E8D5562A9E2FFD000B7AB2 /* FmzrNews.app */;
			productType = "com.apple.product-type.application";
		};
/* End PBXNativeTarget section */

/* Begin PBXProject section */
		10E8D54E2A9E2FFD000B7AB2 /* Project object */ = {
			isa = PBXProject;
			attributes = {
				BuildIndependentTargetsInParallel = 1;
				LastSwiftUpdateCheck = 1420;
				LastUpgradeCheck = 1420;
				TargetAttributes = {
					10E8D5552A9E2FFD000B7AB2 = {
						CreatedOnToolsVersion = 14.2;
					};
				};
			};
			buildConfigurationList = 10E8D5512A9E2FFD000B7AB2 /* Build configuration list for PBXProject "FmzrNews" */;
			compatibilityVersion = "Xcode 14.0";
			developmentRegion = en;
			hasScannedForEncodings = 0;
			knownRegions = (
				en,
				Base,
			);
			mainGroup = 10E8D54D2A9E2FFD000B7AB2;
			productRefGroup = 10E8D5572A9E2FFD000B7AB2 /* Products */;
			projectDirPath = "";
			projectRoot = "";
			targets = (
				10E8D5552A9E2FFD000B7AB2 /* FmzrNews */,
			);
		};
/* End PBXProject section */

/* Begin PBXResourcesBuildPhase section */
		10E8D5542A9E2FFD000B7AB2 /* Resources */ = {
			isa = PBXResourcesBuildPhase;
			buildActionMask = 2147483647;
			files = (
				10E8D5612A9E2FFF000B7AB2 /* Preview Assets.xcassets in Resources */,
				10E8D55E2A9E2FFF000B7AB2 /* Assets.xcassets in Resources */,
			);
			runOnlyForDeploymentPostprocessing = 0;
		};
/* End PBXResourcesBuildPhase section */

/* Begin PBXSourcesBuildPhase section */
		10E8D5522A9E2FFD000B7AB2 /* Sources */ = {
			isa = PBXSourcesBuildPhase;
			buildActionMask = 2147483647;
			files = (
				10E8D56E2A9E32E4000B7AB2 /* NewsRowView.swift in Sources */,
				10E8D56C2A9E3130000B7AB2 /* NetworkingAPI.swift in Sources */,
				10E8D55C2A9E2FFD000B7AB2 /* ContentView.swift in Sources */,
				10E8D55A2A9E2FFD000B7AB2 /* BeritaSeputarCryptocurrencyApp.swift in Sources */,
				10BA26342A9E5AAC00E1C936 /* NewsDetailView.swift in Sources */,
				10E8D56A2A9E3044000B7AB2 /* Article.swift in Sources */,
			);
			runOnlyForDeploymentPostprocessing = 0;
		};
/* End PBXSourcesBuildPhase section */

/* Begin XCBuildConfiguration section */
		10E8D5622A9E2FFF000B7AB2 /* Debug */ = {
			isa = XCBuildConfiguration;
			buildSettings = {
				ALWAYS_SEARCH_USER_PATHS = NO;
				CLANG_ANALYZER_NONNULL = YES;
				CLANG_ANALYZER_NUMBER_OBJECT_CONVERSION = YES_AGGRESSIVE;
				CLANG_CXX_LANGUAGE_STANDARD = "gnu++20";
				CLANG_ENABLE_MODULES = YES;
				CLANG_ENABLE_OBJC_ARC = YES;
				CLANG_ENABLE_OBJC_WEAK = YES;
				CLANG_WARN_BLOCK_CAPTURE_AUTORELEASING = YES;
				CLANG_WARN_BOOL_CONVERSION = YES;
				CLANG_WARN_COMMA = YES;
				CLANG_WARN_CONSTANT_CONVERSION = YES;
				CLANG_WARN_DEPRECATED_OBJC_IMPLEMENTATIONS = YES;
				CLANG_WARN_DIRECT_OBJC_ISA_USAGE = YES_ERROR;
				CLANG_WARN_DOCUMENTATION_COMMENTS = YES;
				CLANG_WARN_EMPTY_BODY = YES;
				CLANG_WARN_ENUM_CONVERSION = YES;
				CLANG_WARN_INFINITE_RECURSION = YES;
				CLANG_WARN_INT_CONVERSION = YES;
				CLANG_WARN_NON_LITERAL_NULL_CONVERSION = YES;
				CLANG_WARN_OBJC_IMPLICIT_RETAIN_SELF = YES;
				CLANG_WARN_OBJC_LITERAL_CONVERSION = YES;
				CLANG_WARN_OBJC_ROOT_CLASS = YES_ERROR;
				CLANG_WARN_QUOTED_INCLUDE_IN_FRAMEWORK_HEADER = YES;
				CLANG_WARN_RANGE_LOOP_ANALYSIS = YES;
				CLANG_WARN_STRICT_PROTOTYPES = YES;
				CLANG_WARN_SUSPICIOUS_MOVE = YES;
				CLANG_WARN_UNGUARDED_AVAILABILITY = YES_AGGRESSIVE;
				CLANG_WARN_UNREACHABLE_CODE = YES;
				CLANG_WARN__DUPLICATE_METHOD_MATCH = YES;
				COPY_PHASE_STRIP = NO;
				DEBUG_INFORMATION_FORMAT = dwarf;
				ENABLE_STRICT_OBJC_MSGSEND = YES;
				ENABLE_TESTABILITY = YES;
				GCC_C_LANGUAGE_STANDARD = gnu11;
				GCC_DYNAMIC_NO_PIC = NO;
				GCC_NO_COMMON_BLOCKS = YES;
				GCC_OPTIMIZATION_LEVEL = 0;
				GCC_PREPROCESSOR_DEFINITIONS = (
					"DEBUG=1",
					"$(inherited)",
				);
				GCC_WARN_64_TO_32_BIT_CONVERSION = YES;
				GCC_WARN_ABOUT_RETURN_TYPE = YES_ERROR;
				GCC_WARN_UNDECLARED_SELECTOR = YES;
				GCC_WARN_UNINITIALIZED_AUTOS = YES_AGGRESSIVE;
				GCC_WARN_UNUSED_FUNCTION = YES;
				GCC_WARN_UNUSED_VARIABLE = YES;
				IPHONEOS_DEPLOYMENT_TARGET = 16.2;
				MTL_ENABLE_DEBUG_INFO = INCLUDE_SOURCE;
				MTL_FAST_MATH = YES;
				ONLY_ACTIVE_ARCH = YES;
				SDKROOT = iphoneos;
				SWIFT_ACTIVE_COMPILATION_CONDITIONS = DEBUG;
				SWIFT_OPTIMIZATION_LEVEL = "-Onone";
			};
			name = Debug;
		};
		10E8D5632A9E2FFF000B7AB2 /* Release */ = {
			isa = XCBuildConfiguration;
			buildSettings = {
				ALWAYS_SEARCH_USER_PATHS = NO;
				CLANG_ANALYZER_NONNULL = YES;
				CLANG_ANALYZER_NUMBER_OBJECT_CONVERSION = YES_AGGRESSIVE;
				CLANG_CXX_LANGUAGE_STANDARD = "gnu++20";
				CLANG_ENABLE_MODULES = YES;
				CLANG_ENABLE_OBJC_ARC = YES;
				CLANG_ENABLE_OBJC_WEAK = YES;
				CLANG_WARN_BLOCK_CAPTURE_AUTORELEASING = YES;
				CLANG_WARN_BOOL_CONVERSION = YES;
				CLANG_WARN_COMMA = YES;
				CLANG_WARN_CONSTANT_CONVERSION = YES;
				CLANG_WARN_DEPRECATED_OBJC_IMPLEMENTATIONS = YES;
				CLANG_WARN_DIRECT_OBJC_ISA_USAGE = YES_ERROR;
				CLANG_WARN_DOCUMENTATION_COMMENTS = YES;
				CLANG_WARN_EMPTY_BODY = YES;
				CLANG_WARN_ENUM_CONVERSION = YES;
				CLANG_WARN_INFINITE_RECURSION = YES;
				CLANG_WARN_INT_CONVERSION = YES;
				CLANG_WARN_NON_LITERAL_NULL_CONVERSION = YES;
				CLANG_WARN_OBJC_IMPLICIT_RETAIN_SELF = YES;
				CLANG_WARN_OBJC_LITERAL_CONVERSION = YES;
				CLANG_WARN_OBJC_ROOT_CLASS = YES_ERROR;
				CLANG_WARN_QUOTED_INCLUDE_IN_FRAMEWORK_HEADER = YES;
				CLANG_WARN_RANGE_LOOP_ANALYSIS = YES;
				CLANG_WARN_STRICT_PROTOTYPES = YES;
				CLANG_WARN_SUSPICIOUS_MOVE = YES;
				CLANG_WARN_UNGUARDED_AVAILABILITY = YES_AGGRESSIVE;
				CLANG_WARN_UNREACHABLE_CODE = YES;
				CLANG_WARN__DUPLICATE_METHOD_MATCH = YES;
				COPY_PHASE_STRIP = NO;
				DEBUG_INFORMATION_FORMAT = "dwarf-with-dsym";
				ENABLE_NS_ASSERTIONS = NO;
				ENABLE_STRICT_OBJC_MSGSEND = YES;
				GCC_C_LANGUAGE_STANDARD = gnu11;
				GCC_NO_COMMON_BLOCKS = YES;
				GCC_WARN_64_TO_32_BIT_CONVERSION = YES;
				GCC_WARN_ABOUT_RETURN_TYPE = YES_ERROR;
				GCC_WARN_UNDECLARED_SELECTOR = YES;
				GCC_WARN_UNINITIALIZED_AUTOS = YES_AGGRESSIVE;
				GCC_WARN_UNUSED_FUNCTION = YES;
				GCC_WARN_UNUSED_VARIABLE = YES;
				IPHONEOS_DEPLOYMENT_TARGET = 16.2;
				MTL_ENABLE_DEBUG_INFO = NO;
				MTL_FAST_MATH = YES;
				SDKROOT = iphoneos;
				SWIFT_COMPILATION_MODE = wholemodule;
				SWIFT_OPTIMIZATION_LEVEL = "-O";
				VALIDATE_PRODUCT = YES;
			};
			name = Release;
		};
		10E8D5652A9E2FFF000B7AB2 /* Debug */ = {
			isa = XCBuildConfiguration;
			buildSettings = {
				ASSETCATALOG_COMPILER_APPICON_NAME = AppIcon;
				ASSETCATALOG_COMPILER_GLOBAL_ACCENT_COLOR_NAME = AccentColor;
				CODE_SIGN_STYLE = Automatic;
				CURRENT_PROJECT_VERSION = 1;
				DEVELOPMENT_ASSET_PATHS = "\"BeritaSeputarCryptocurrency/Preview Content\"";
				DEVELOPMENT_TEAM = ZX354K62RA;
				ENABLE_PREVIEWS = YES;
				GENERATE_INFOPLIST_FILE = YES;
				INFOPLIST_KEY_UIApplicationSceneManifest_Generation = YES;
				INFOPLIST_KEY_UIApplicationSupportsIndirectInputEvents = YES;
				INFOPLIST_KEY_UILaunchScreen_Generation = YES;
				INFOPLIST_KEY_UISupportedInterfaceOrientations_iPad = "UIInterfaceOrientationPortrait UIInterfaceOrientationPortraitUpsideDown UIInterfaceOrientationLandscapeLeft UIInterfaceOrientationLandscapeRight";
				INFOPLIST_KEY_UISupportedInterfaceOrientations_iPhone = "UIInterfaceOrientationPortrait UIInterfaceOrientationLandscapeLeft UIInterfaceOrientationLandscapeRight";
				LD_RUNPATH_SEARCH_PATHS = (
					"$(inherited)",
					"@executable_path/Frameworks",
				);
				MARKETING_VERSION = 1.0;
				PRODUCT_BUNDLE_IDENTIFIER = com.famzer.BeritaSeputarCryptocurrency;
				PRODUCT_NAME = "$(TARGET_NAME)";
				SWIFT_EMIT_LOC_STRINGS = YES;
				SWIFT_VERSION = 5.0;
				TARGETED_DEVICE_FAMILY = "1,2";
			};
			name = Debug;
		};
		10E8D5662A9E2FFF000B7AB2 /* Release */ = {
			isa = XCBuildConfiguration;
			buildSettings = {
				ASSETCATALOG_COMPILER_APPICON_NAME = AppIcon;
				ASSETCATALOG_COMPILER_GLOBAL_ACCENT_COLOR_NAME = AccentColor;
				CODE_SIGN_STYLE = Automatic;
				CURRENT_PROJECT_VERSION = 1;
				DEVELOPMENT_ASSET_PATHS = "\"BeritaSeputarCryptocurrency/Preview Content\"";
				DEVELOPMENT_TEAM = ZX354K62RA;
				ENABLE_PREVIEWS = YES;
				GENERATE_INFOPLIST_FILE = YES;
				INFOPLIST_KEY_UIApplicationSceneManifest_Generation = YES;
				INFOPLIST_KEY_UIApplicationSupportsIndirectInputEvents = YES;
				INFOPLIST_KEY_UILaunchScreen_Generation = YES;
				INFOPLIST_KEY_UISupportedInterfaceOrientations_iPad = "UIInterfaceOrientationPortrait UIInterfaceOrientationPortraitUpsideDown UIInterfaceOrientationLandscapeLeft UIInterfaceOrientationLandscapeRight";
				INFOPLIST_KEY_UISupportedInterfaceOrientations_iPhone = "UIInterfaceOrientationPortrait UIInterfaceOrientationLandscapeLeft UIInterfaceOrientationLandscapeRight";
				LD_RUNPATH_SEARCH_PATHS = (
					"$(inherited)",
					"@executable_path/Frameworks",
				);
				MARKETING_VERSION = 1.0;
				PRODUCT_BUNDLE_IDENTIFIER = com.famzer.BeritaSeputarCryptocurrency;
				PRODUCT_NAME = "$(TARGET_NAME)";
				SWIFT_EMIT_LOC_STRINGS = YES;
				SWIFT_VERSION = 5.0;
				TARGETED_DEVICE_FAMILY = "1,2";
			};
			name = Release;
		};
/* End XCBuildConfiguration section */

/* Begin XCConfigurationList section */
		10E8D5512A9E2FFD000B7AB2 /* Build configuration list for PBXProject "FmzrNews" */ = {
			isa = XCConfigurationList;
			buildConfigurations = (
				10E8D5622A9E2FFF000B7AB2 /* Debug */,
				10E8D5632A9E2FFF000B7AB2 /* Release */,
			);
			defaultConfigurationIsVisible = 0;
			defaultConfigurationName = Release;
		};
		10E8D5642A9E2FFF000B7AB2 /* Build configuration list for PBXNativeTarget "FmzrNews" */ = {
			isa = XCConfigurationList;
			buildConfigurations = (
				10E8D5652A9E2FFF000B7AB2 /* Debug */,
				10E8D5662A9E2FFF000B7AB2 /* Release */,
			);
			defaultConfigurationIsVisible = 0;
			defaultConfigurationName = Release;
		};
/* End XCConfigurationList section */
	};
	rootObject = 10E8D54E2A9E2FFD000B7AB2 /* Project object */;
}
